
Microsoft Visual Studio Solution File, Format Version 12.00
# Visual Studio Version 17
VisualStudioVersion = 17.5.33530.505
MinimumVisualStudioVersion = 10.0.40219.1
Project("{9A19103F-16F7-4668-BE54-9A1E7A4F7556}") = "Psp.Pos.Api", "Psp.Pos.Api\Psp.Pos.Api.csproj", "{AD49C58A-9EA2-4AA9-9EAB-FE490D18ACA4}"
	ProjectSection(ProjectDependencies) = postProject
		{4289CD03-FA85-4AD1-A35E-16FEC2335988} = {4289CD03-FA85-4AD1-A35E-16FEC2335988}
		{4C64D81E-377C-40D1-9FAA-EEA82891C486} = {4C64D81E-377C-40D1-9FAA-EEA82891C486}
		{D4244374-71EE-4351-ABBF-F83EB726277A} = {D4244374-71EE-4351-ABBF-F83EB726277A}
	EndProjectSection
EndProject
Project("{9A19103F-16F7-4668-BE54-9A1E7A4F7556}") = "Psp.Pos.Application", "Psp.Pos.Application\Psp.Pos.Application.csproj", "{D4244374-71EE-4351-ABBF-F83EB726277A}"
	ProjectSection(ProjectDependencies) = postProject
		{4289CD03-FA85-4AD1-A35E-16FEC2335988} = {4289CD03-FA85-4AD1-A35E-16FEC2335988}
	EndProjectSection
EndProject
Project("{9A19103F-16F7-4668-BE54-9A1E7A4F7556}") = "Psp.Pos.Infrastructure", "Psp.Pos.Infrastructure\Psp.Pos.Infrastructure.csproj", "{4C64D81E-377C-40D1-9FAA-EEA82891C486}"
	ProjectSection(ProjectDependencies) = postProject
		{4289CD03-FA85-4AD1-A35E-16FEC2335988} = {4289CD03-FA85-4AD1-A35E-16FEC2335988}
		{D4244374-71EE-4351-ABBF-F83EB726277A} = {D4244374-71EE-4351-ABBF-F83EB726277A}
	EndProjectSection
EndProject
Project("{FAE04EC0-301F-11D3-BF4B-00C04F79EFBC}") = "Psp.Pos.Domain", "Domain\Psp.Pos.Domain.csproj", "{4289CD03-FA85-4AD1-A35E-16FEC2335988}"
EndProject
Global
	GlobalSection(SolutionConfigurationPlatforms) = preSolution
		Debug|Any CPU = Debug|Any CPU
		Release|Any CPU = Release|Any CPU
	EndGlobalSection
	GlobalSection(ProjectConfigurationPlatforms) = postSolution
		{AD49C58A-9EA2-4AA9-9EAB-FE490D18ACA4}.Debug|Any CPU.ActiveCfg = Debug|Any CPU
		{AD49C58A-9EA2-4AA9-9EAB-FE490D18ACA4}.Debug|Any CPU.Build.0 = Debug|Any CPU
		{AD49C58A-9EA2-4AA9-9EAB-FE490D18ACA4}.Release|Any CPU.ActiveCfg = Release|Any CPU
		{AD49C58A-9EA2-4AA9-9EAB-FE490D18ACA4}.Release|Any CPU.Build.0 = Release|Any CPU
		{D4244374-71EE-4351-ABBF-F83EB726277A}.Debug|Any CPU.ActiveCfg = Debug|Any CPU
		{D4244374-71EE-4351-ABBF-F83EB726277A}.Debug|Any CPU.Build.0 = Debug|Any CPU
		{D4244374-71EE-4351-ABBF-F83EB726277A}.Release|Any CPU.ActiveCfg = Release|Any CPU
		{D4244374-71EE-4351-ABBF-F83EB726277A}.Release|Any CPU.Build.0 = Release|Any CPU
		{4C64D81E-377C-40D1-9FAA-EEA82891C486}.Debug|Any CPU.ActiveCfg = Debug|Any CPU
		{4C64D81E-377C-40D1-9FAA-EEA82891C486}.Debug|Any CPU.Build.0 = Debug|Any CPU
		{4C64D81E-377C-40D1-9FAA-EEA82891C486}.Release|Any CPU.ActiveCfg = Release|Any CPU
		{4C64D81E-377C-40D1-9FAA-EEA82891C486}.Release|Any CPU.Build.0 = Release|Any CPU
		{4289CD03-FA85-4AD1-A35E-16FEC2335988}.Debug|Any CPU.ActiveCfg = Debug|Any CPU
		{4289CD03-FA85-4AD1-A35E-16FEC2335988}.Debug|Any CPU.Build.0 = Debug|Any CPU
		{4289CD03-FA85-4AD1-A35E-16FEC2335988}.Release|Any CPU.ActiveCfg = Release|Any CPU
		{4289CD03-FA85-4AD1-A35E-16FEC2335988}.Release|Any CPU.Build.0 = Release|Any CPU
	EndGlobalSection
	GlobalSection(SolutionProperties) = preSolution
		HideSolutionNode = FALSE
	EndGlobalSection
	GlobalSection(ExtensibilityGlobals) = postSolution
		SolutionGuid = {183BEA19-913D-4463-8CD6-1E7F0624C5E2}
	EndGlobalSection
EndGlobal
